{
  "name": "fng-beauty",
  "version": "0.1.0",
  "lockfileVersion": 3,
  "requires": true,
  "packages": {
    "": {
      "name": "fng-beauty",
      "version": "0.1.0",
      "dependencies": {
        "@prisma/client": "^5.10.0",
        "bcryptjs": "^2.4.3",
        "jsonwebtoken": "^9.0.2",
        "next": "14.1.0",
        "react": "^18.2.0",
        "react-dom": "^18.2.0"
      }
    }
  }
}
